
Microsoft Visual Studio Solution File, Format Version 12.00
# Visual Studio Version 16
VisualStudioVersion = 16.0.31229.75
MinimumVisualStudioVersion = 10.0.40219.1
Project("{FAE04EC0-301F-11D3-BF4B-00C04F79EFBC}") = "11-06", "11-06.csproj", "{1374703B-74E2-4319-9F85-57C9080C4BFE}"
EndProject
Global
	GlobalSection(SolutionConfigurationPlatforms) = preSolution
		Debug|Any CPU = Debug|Any CPU
		Release|Any CPU = Release|Any CPU
	EndGlobalSection
	GlobalSection(ProjectConfigurationPlatforms) = postSolution
		{1374703B-74E2-4319-9F85-57C9080C4BFE}.Debug|Any CPU.ActiveCfg = Debug|Any CPU
		{1374703B-74E2-4319-9F85-57C9080C4BFE}.Debug|Any CPU.Build.0 = Debug|Any CPU
		{1374703B-74E2-4319-9F85-57C9080C4BFE}.Release|Any CPU.ActiveCfg = Release|Any CPU
		{1374703B-74E2-4319-9F85-57C9080C4BFE}.Release|Any CPU.Build.0 = Release|Any CPU
	EndGlobalSection
	GlobalSection(SolutionProperties) = preSolution
		HideSolutionNode = FALSE
	EndGlobalSection
	GlobalSection(ExtensibilityGlobals) = postSolution
		SolutionGuid = {2231CEDC-6E7A-46E2-BE76-68B1464037D0}
	EndGlobalSection
EndGlobal
